
Microsoft Visual Studio Solution File, Format Version 12.00
# Visual Studio Version 16
VisualStudioVersion = 16.0.29102.190
MinimumVisualStudioVersion = 10.0.40219.1
Project("{9A19103F-16F7-4668-BE54-9A1E7A4F7556}") = "geoLib", "..\DesignLibs_GPL\Common\geoLib\geoLib.csproj", "{87C2783D-AC80-4684-875C-F06237E9CC3F}"
EndProject
Project("{9A19103F-16F7-4668-BE54-9A1E7A4F7556}") = "mersenneTwister", "..\DesignLibs_GPL\Common\MersenneTwister\mersenneTwister.csproj", "{9B35CB06-05BD-468C-9D9B-41876B793EF5}"
EndProject
Project("{9A19103F-16F7-4668-BE54-9A1E7A4F7556}") = "noise", "..\DesignLibs_GPL\Common\Noise\noise.csproj", "{FF8EDE08-8236-49A0-A82E-3B6208B81431}"
EndProject
Project("{9A19103F-16F7-4668-BE54-9A1E7A4F7556}") = "errorReporter", "..\DesignLibs_GPL\Eto\errorReporter\errorReporter.csproj", "{6270531D-FCD0-44B8-95BA-4C4CED998179}"
EndProject
Project("{9A19103F-16F7-4668-BE54-9A1E7A4F7556}") = "LibTessDotNet", "..\DesignLibs_GPL\Common\LibTessDotNet\LibTessDotNet.csproj", "{5EE39029-873A-45A0-9259-2198BF8729F4}"
EndProject
Project("{9A19103F-16F7-4668-BE54-9A1E7A4F7556}") = "geoWrangler", "..\DesignLibs_GPL\Common\geoWrangler\geoWrangler.csproj", "{1D7842B4-12C0-4E11-A6A9-77CEB55F156C}"
EndProject
Project("{9A19103F-16F7-4668-BE54-9A1E7A4F7556}") = "utility", "..\DesignLibs_GPL\Common\utility\utility.csproj", "{C3255560-6437-4EFF-8948-971A76C6E9AB}"
EndProject
Project("{9A19103F-16F7-4668-BE54-9A1E7A4F7556}") = "color", "..\DesignLibs_GPL\Common\Color\color.csproj", "{576CBA59-F35E-4F45-905C-26927E2E441A}"
EndProject
Project("{9A19103F-16F7-4668-BE54-9A1E7A4F7556}") = "entropyRNG", "..\DesignLibs_GPL\Common\entropyRNG\entropyRNG.csproj", "{663A7D25-5255-4B85-B94D-53C431426339}"
EndProject
Project("{9A19103F-16F7-4668-BE54-9A1E7A4F7556}") = "Variance", "Common\Variance\Variance.csproj", "{DE11C249-FEF2-41C4-AE0C-BAA039788DA8}"
EndProject
Project("{9A19103F-16F7-4668-BE54-9A1E7A4F7556}") = "Variance_hl", "Common\Variance_hl\Variance_hl.csproj", "{FFC02E18-22CD-4F8D-9DF1-E87FE58C4821}"
EndProject
Project("{9A19103F-16F7-4668-BE54-9A1E7A4F7556}") = "geoCore", "..\DesignLibs_GPL\Common\geoCore\geoCore.csproj", "{7B4E57E2-739D-40B7-894A-2EA467C6DE18}"
EndProject
Project("{9A19103F-16F7-4668-BE54-9A1E7A4F7556}") = "info.lundin.math", "..\DesignLibs_GPL\Common\info.lundin.math\info.lundin.math.csproj", "{13D15F17-7EC0-48E8-A13E-A0760DB70999}"
EndProject
Project("{9A19103F-16F7-4668-BE54-9A1E7A4F7556}") = "KDTree", "..\DesignLibs_GPL\Common\KDTree\KDTree.csproj", "{B72FF9C0-FE72-47B2-B4ED-D11575B2D1DF}"
EndProject
Project("{9A19103F-16F7-4668-BE54-9A1E7A4F7556}") = "clipper", "..\DesignLibs_GPL\Common\clipper\clipper.csproj", "{150BF729-EDBE-4557-927C-0EB3844794F6}"
EndProject
Project("{9A19103F-16F7-4668-BE54-9A1E7A4F7556}") = "MiscUtil", "..\DesignLibs_GPL\Common\MiscUtil\MiscUtil.csproj", "{ADB1092A-6BD2-4FAB-BC39-91BB49F0AD2D}"
EndProject
Project("{9A19103F-16F7-4668-BE54-9A1E7A4F7556}") = "resources", "Eto\Resources\resources.csproj", "{DAFA7EA7-4087-4943-8FBC-ED5156721409}"
EndProject
Project("{9A19103F-16F7-4668-BE54-9A1E7A4F7556}") = "Eto.VeldridSurface", "..\DesignLibs_GPL\Eto\Eto.VeldridSurface\Eto.VeldridSurface.csproj", "{9B4D03BB-9C3F-4D1C-B6AF-F3647EB6106F}"
EndProject
Project("{9A19103F-16F7-4668-BE54-9A1E7A4F7556}") = "Variance_Headless", "Headless\Variance_Headless.csproj", "{F3EEFD6A-23CD-410A-8BEC-CA2B7E29553D}"
EndProject
Project("{2150E333-8FDC-42A3-9474-1A3956D46DE8}") = "Solution Folder", "Solution Folder", "{9C0B29AE-1364-455B-BC6A-672F626A56C6}"
	ProjectSection(SolutionItems) = preProject
		Directory.Build.props = Directory.Build.props
		Directory.Build.targets = Directory.Build.targets
		nuget.config = nuget.config
	EndProjectSection
EndProject
Project("{9A19103F-16F7-4668-BE54-9A1E7A4F7556}") = "Variance.Gtk", "Eto\Variance.Gtk\Variance.Gtk.csproj", "{D89C0EB9-8758-4352-85EC-151C0FFB69A7}"
EndProject
Project("{9A19103F-16F7-4668-BE54-9A1E7A4F7556}") = "Variance.Mac", "Eto\Variance.Mac\Variance.Mac.csproj", "{19A4A36B-C946-4BB6-81AE-285E19272E2A}"
EndProject
Project("{9A19103F-16F7-4668-BE54-9A1E7A4F7556}") = "Variance.WPF", "Eto\Variance.WPF\Variance.WPF.csproj", "{A50E044D-3E14-40C0-95F7-54FCBD6BD0D3}"
EndProject
Project("{2150E333-8FDC-42A3-9474-1A3956D46DE8}") = "DesignLibs_GPL", "DesignLibs_GPL", "{737F4D86-2E7A-48E5-89B9-7DEB6EFC2443}"
EndProject
Project("{2150E333-8FDC-42A3-9474-1A3956D46DE8}") = "Eto", "Eto", "{B440F290-1E0F-45F1-ADB7-415AEA8B04CA}"
EndProject
Project("{2150E333-8FDC-42A3-9474-1A3956D46DE8}") = "Common", "Common", "{59912BF0-0AF4-41FA-B82B-B9FAD59296CD}"
EndProject
Project("{9A19103F-16F7-4668-BE54-9A1E7A4F7556}") = "DynamicAero2", "..\DesignLibs_GPL\Eto\DynamicAero2\DynamicAero2.csproj", "{AD7A5CFB-DE65-45DD-9A45-ADE4E2C4AC79}"
EndProject
Global
	GlobalSection(SolutionConfigurationPlatforms) = preSolution
		Debug|Any CPU = Debug|Any CPU
		Debug|x64 = Debug|x64
		Debug|x86 = Debug|x86
		Release|Any CPU = Release|Any CPU
		Release|x64 = Release|x64
		Release|x86 = Release|x86
	EndGlobalSection
	GlobalSection(ProjectConfigurationPlatforms) = postSolution
		{87C2783D-AC80-4684-875C-F06237E9CC3F}.Debug|Any CPU.ActiveCfg = Debug|Any CPU
		{87C2783D-AC80-4684-875C-F06237E9CC3F}.Debug|Any CPU.Build.0 = Debug|Any CPU
		{87C2783D-AC80-4684-875C-F06237E9CC3F}.Debug|x64.ActiveCfg = Debug|Any CPU
		{87C2783D-AC80-4684-875C-F06237E9CC3F}.Debug|x64.Build.0 = Debug|Any CPU
		{87C2783D-AC80-4684-875C-F06237E9CC3F}.Debug|x86.ActiveCfg = Debug|Any CPU
		{87C2783D-AC80-4684-875C-F06237E9CC3F}.Debug|x86.Build.0 = Debug|Any CPU
		{87C2783D-AC80-4684-875C-F06237E9CC3F}.Release|Any CPU.ActiveCfg = Release|Any CPU
		{87C2783D-AC80-4684-875C-F06237E9CC3F}.Release|Any CPU.Build.0 = Release|Any CPU
		{87C2783D-AC80-4684-875C-F06237E9CC3F}.Release|x64.ActiveCfg = Release|Any CPU
		{87C2783D-AC80-4684-875C-F06237E9CC3F}.Release|x64.Build.0 = Release|Any CPU
		{87C2783D-AC80-4684-875C-F06237E9CC3F}.Release|x86.ActiveCfg = Release|Any CPU
		{87C2783D-AC80-4684-875C-F06237E9CC3F}.Release|x86.Build.0 = Release|Any CPU
		{9B35CB06-05BD-468C-9D9B-41876B793EF5}.Debug|Any CPU.ActiveCfg = Debug|Any CPU
		{9B35CB06-05BD-468C-9D9B-41876B793EF5}.Debug|Any CPU.Build.0 = Debug|Any CPU
		{9B35CB06-05BD-468C-9D9B-41876B793EF5}.Debug|x64.ActiveCfg = Debug|Any CPU
		{9B35CB06-05BD-468C-9D9B-41876B793EF5}.Debug|x64.Build.0 = Debug|Any CPU
		{9B35CB06-05BD-468C-9D9B-41876B793EF5}.Debug|x86.ActiveCfg = Debug|Any CPU
		{9B35CB06-05BD-468C-9D9B-41876B793EF5}.Debug|x86.Build.0 = Debug|Any CPU
		{9B35CB06-05BD-468C-9D9B-41876B793EF5}.Release|Any CPU.ActiveCfg = Release|Any CPU
		{9B35CB06-05BD-468C-9D9B-41876B793EF5}.Release|Any CPU.Build.0 = Release|Any CPU
		{9B35CB06-05BD-468C-9D9B-41876B793EF5}.Release|x64.ActiveCfg = Release|Any CPU
		{9B35CB06-05BD-468C-9D9B-41876B793EF5}.Release|x64.Build.0 = Release|Any CPU
		{9B35CB06-05BD-468C-9D9B-41876B793EF5}.Release|x86.ActiveCfg = Release|Any CPU
		{9B35CB06-05BD-468C-9D9B-41876B793EF5}.Release|x86.Build.0 = Release|Any CPU
		{FF8EDE08-8236-49A0-A82E-3B6208B81431}.Debug|Any CPU.ActiveCfg = Debug|Any CPU
		{FF8EDE08-8236-49A0-A82E-3B6208B81431}.Debug|Any CPU.Build.0 = Debug|Any CPU
		{FF8EDE08-8236-49A0-A82E-3B6208B81431}.Debug|x64.ActiveCfg = Debug|Any CPU
		{FF8EDE08-8236-49A0-A82E-3B6208B81431}.Debug|x64.Build.0 = Debug|Any CPU
		{FF8EDE08-8236-49A0-A82E-3B6208B81431}.Debug|x86.ActiveCfg = Debug|Any CPU
		{FF8EDE08-8236-49A0-A82E-3B6208B81431}.Debug|x86.Build.0 = Debug|Any CPU
		{FF8EDE08-8236-49A0-A82E-3B6208B81431}.Release|Any CPU.ActiveCfg = Release|Any CPU
		{FF8EDE08-8236-49A0-A82E-3B6208B81431}.Release|Any CPU.Build.0 = Release|Any CPU
		{FF8EDE08-8236-49A0-A82E-3B6208B81431}.Release|x64.ActiveCfg = Release|Any CPU
		{FF8EDE08-8236-49A0-A82E-3B6208B81431}.Release|x64.Build.0 = Release|Any CPU
		{FF8EDE08-8236-49A0-A82E-3B6208B81431}.Release|x86.ActiveCfg = Release|Any CPU
		{FF8EDE08-8236-49A0-A82E-3B6208B81431}.Release|x86.Build.0 = Release|Any CPU
		{6270531D-FCD0-44B8-95BA-4C4CED998179}.Debug|Any CPU.ActiveCfg = Debug|Any CPU
		{6270531D-FCD0-44B8-95BA-4C4CED998179}.Debug|Any CPU.Build.0 = Debug|Any CPU
		{6270531D-FCD0-44B8-95BA-4C4CED998179}.Debug|x64.ActiveCfg = Debug|Any CPU
		{6270531D-FCD0-44B8-95BA-4C4CED998179}.Debug|x64.Build.0 = Debug|Any CPU
		{6270531D-FCD0-44B8-95BA-4C4CED998179}.Debug|x86.ActiveCfg = Debug|Any CPU
		{6270531D-FCD0-44B8-95BA-4C4CED998179}.Debug|x86.Build.0 = Debug|Any CPU
		{6270531D-FCD0-44B8-95BA-4C4CED998179}.Release|Any CPU.ActiveCfg = Release|Any CPU
		{6270531D-FCD0-44B8-95BA-4C4CED998179}.Release|Any CPU.Build.0 = Release|Any CPU
		{6270531D-FCD0-44B8-95BA-4C4CED998179}.Release|x64.ActiveCfg = Release|Any CPU
		{6270531D-FCD0-44B8-95BA-4C4CED998179}.Release|x64.Build.0 = Release|Any CPU
		{6270531D-FCD0-44B8-95BA-4C4CED998179}.Release|x86.ActiveCfg = Release|Any CPU
		{6270531D-FCD0-44B8-95BA-4C4CED998179}.Release|x86.Build.0 = Release|Any CPU
		{5EE39029-873A-45A0-9259-2198BF8729F4}.Debug|Any CPU.ActiveCfg = Debug|Any CPU
		{5EE39029-873A-45A0-9259-2198BF8729F4}.Debug|Any CPU.Build.0 = Debug|Any CPU
		{5EE39029-873A-45A0-9259-2198BF8729F4}.Debug|x64.ActiveCfg = Debug|Any CPU
		{5EE39029-873A-45A0-9259-2198BF8729F4}.Debug|x64.Build.0 = Debug|Any CPU
		{5EE39029-873A-45A0-9259-2198BF8729F4}.Debug|x86.ActiveCfg = Debug|Any CPU
		{5EE39029-873A-45A0-9259-2198BF8729F4}.Debug|x86.Build.0 = Debug|Any CPU
		{5EE39029-873A-45A0-9259-2198BF8729F4}.Release|Any CPU.ActiveCfg = Release|Any CPU
		{5EE39029-873A-45A0-9259-2198BF8729F4}.Release|Any CPU.Build.0 = Release|Any CPU
		{5EE39029-873A-45A0-9259-2198BF8729F4}.Release|x64.ActiveCfg = Release|Any CPU
		{5EE39029-873A-45A0-9259-2198BF8729F4}.Release|x64.Build.0 = Release|Any CPU
		{5EE39029-873A-45A0-9259-2198BF8729F4}.Release|x86.ActiveCfg = Release|Any CPU
		{5EE39029-873A-45A0-9259-2198BF8729F4}.Release|x86.Build.0 = Release|Any CPU
		{1D7842B4-12C0-4E11-A6A9-77CEB55F156C}.Debug|Any CPU.ActiveCfg = Debug|Any CPU
		{1D7842B4-12C0-4E11-A6A9-77CEB55F156C}.Debug|Any CPU.Build.0 = Debug|Any CPU
		{1D7842B4-12C0-4E11-A6A9-77CEB55F156C}.Debug|x64.ActiveCfg = Debug|Any CPU
		{1D7842B4-12C0-4E11-A6A9-77CEB55F156C}.Debug|x64.Build.0 = Debug|Any CPU
		{1D7842B4-12C0-4E11-A6A9-77CEB55F156C}.Debug|x86.ActiveCfg = Debug|Any CPU
		{1D7842B4-12C0-4E11-A6A9-77CEB55F156C}.Debug|x86.Build.0 = Debug|Any CPU
		{1D7842B4-12C0-4E11-A6A9-77CEB55F156C}.Release|Any CPU.ActiveCfg = Release|Any CPU
		{1D7842B4-12C0-4E11-A6A9-77CEB55F156C}.Release|Any CPU.Build.0 = Release|Any CPU
		{1D7842B4-12C0-4E11-A6A9-77CEB55F156C}.Release|x64.ActiveCfg = Release|Any CPU
		{1D7842B4-12C0-4E11-A6A9-77CEB55F156C}.Release|x64.Build.0 = Release|Any CPU
		{1D7842B4-12C0-4E11-A6A9-77CEB55F156C}.Release|x86.ActiveCfg = Release|Any CPU
		{1D7842B4-12C0-4E11-A6A9-77CEB55F156C}.Release|x86.Build.0 = Release|Any CPU
		{C3255560-6437-4EFF-8948-971A76C6E9AB}.Debug|Any CPU.ActiveCfg = Debug|Any CPU
		{C3255560-6437-4EFF-8948-971A76C6E9AB}.Debug|Any CPU.Build.0 = Debug|Any CPU
		{C3255560-6437-4EFF-8948-971A76C6E9AB}.Debug|x64.ActiveCfg = Debug|Any CPU
		{C3255560-6437-4EFF-8948-971A76C6E9AB}.Debug|x64.Build.0 = Debug|Any CPU
		{C3255560-6437-4EFF-8948-971A76C6E9AB}.Debug|x86.ActiveCfg = Debug|Any CPU
		{C3255560-6437-4EFF-8948-971A76C6E9AB}.Debug|x86.Build.0 = Debug|Any CPU
		{C3255560-6437-4EFF-8948-971A76C6E9AB}.Release|Any CPU.ActiveCfg = Release|Any CPU
		{C3255560-6437-4EFF-8948-971A76C6E9AB}.Release|Any CPU.Build.0 = Release|Any CPU
		{C3255560-6437-4EFF-8948-971A76C6E9AB}.Release|x64.ActiveCfg = Release|Any CPU
		{C3255560-6437-4EFF-8948-971A76C6E9AB}.Release|x64.Build.0 = Release|Any CPU
		{C3255560-6437-4EFF-8948-971A76C6E9AB}.Release|x86.ActiveCfg = Release|Any CPU
		{C3255560-6437-4EFF-8948-971A76C6E9AB}.Release|x86.Build.0 = Release|Any CPU
		{576CBA59-F35E-4F45-905C-26927E2E441A}.Debug|Any CPU.ActiveCfg = Debug|Any CPU
		{576CBA59-F35E-4F45-905C-26927E2E441A}.Debug|Any CPU.Build.0 = Debug|Any CPU
		{576CBA59-F35E-4F45-905C-26927E2E441A}.Debug|x64.ActiveCfg = Debug|Any CPU
		{576CBA59-F35E-4F45-905C-26927E2E441A}.Debug|x64.Build.0 = Debug|Any CPU
		{576CBA59-F35E-4F45-905C-26927E2E441A}.Debug|x86.ActiveCfg = Debug|Any CPU
		{576CBA59-F35E-4F45-905C-26927E2E441A}.Debug|x86.Build.0 = Debug|Any CPU
		{576CBA59-F35E-4F45-905C-26927E2E441A}.Release|Any CPU.ActiveCfg = Release|Any CPU
		{576CBA59-F35E-4F45-905C-26927E2E441A}.Release|Any CPU.Build.0 = Release|Any CPU
		{576CBA59-F35E-4F45-905C-26927E2E441A}.Release|x64.ActiveCfg = Release|Any CPU
		{576CBA59-F35E-4F45-905C-26927E2E441A}.Release|x64.Build.0 = Release|Any CPU
		{576CBA59-F35E-4F45-905C-26927E2E441A}.Release|x86.ActiveCfg = Release|Any CPU
		{576CBA59-F35E-4F45-905C-26927E2E441A}.Release|x86.Build.0 = Release|Any CPU
		{663A7D25-5255-4B85-B94D-53C431426339}.Debug|Any CPU.ActiveCfg = Debug|Any CPU
		{663A7D25-5255-4B85-B94D-53C431426339}.Debug|Any CPU.Build.0 = Debug|Any CPU
		{663A7D25-5255-4B85-B94D-53C431426339}.Debug|x64.ActiveCfg = Debug|Any CPU
		{663A7D25-5255-4B85-B94D-53C431426339}.Debug|x64.Build.0 = Debug|Any CPU
		{663A7D25-5255-4B85-B94D-53C431426339}.Debug|x86.ActiveCfg = Debug|Any CPU
		{663A7D25-5255-4B85-B94D-53C431426339}.Debug|x86.Build.0 = Debug|Any CPU
		{663A7D25-5255-4B85-B94D-53C431426339}.Release|Any CPU.ActiveCfg = Release|Any CPU
		{663A7D25-5255-4B85-B94D-53C431426339}.Release|Any CPU.Build.0 = Release|Any CPU
		{663A7D25-5255-4B85-B94D-53C431426339}.Release|x64.ActiveCfg = Release|Any CPU
		{663A7D25-5255-4B85-B94D-53C431426339}.Release|x64.Build.0 = Release|Any CPU
		{663A7D25-5255-4B85-B94D-53C431426339}.Release|x86.ActiveCfg = Release|Any CPU
		{663A7D25-5255-4B85-B94D-53C431426339}.Release|x86.Build.0 = Release|Any CPU
		{DE11C249-FEF2-41C4-AE0C-BAA039788DA8}.Debug|Any CPU.ActiveCfg = Debug|Any CPU
		{DE11C249-FEF2-41C4-AE0C-BAA039788DA8}.Debug|Any CPU.Build.0 = Debug|Any CPU
		{DE11C249-FEF2-41C4-AE0C-BAA039788DA8}.Debug|x64.ActiveCfg = Debug|Any CPU
		{DE11C249-FEF2-41C4-AE0C-BAA039788DA8}.Debug|x64.Build.0 = Debug|Any CPU
		{DE11C249-FEF2-41C4-AE0C-BAA039788DA8}.Debug|x86.ActiveCfg = Debug|Any CPU
		{DE11C249-FEF2-41C4-AE0C-BAA039788DA8}.Debug|x86.Build.0 = Debug|Any CPU
		{DE11C249-FEF2-41C4-AE0C-BAA039788DA8}.Release|Any CPU.ActiveCfg = Release|Any CPU
		{DE11C249-FEF2-41C4-AE0C-BAA039788DA8}.Release|Any CPU.Build.0 = Release|Any CPU
		{DE11C249-FEF2-41C4-AE0C-BAA039788DA8}.Release|x64.ActiveCfg = Release|Any CPU
		{DE11C249-FEF2-41C4-AE0C-BAA039788DA8}.Release|x64.Build.0 = Release|Any CPU
		{DE11C249-FEF2-41C4-AE0C-BAA039788DA8}.Release|x86.ActiveCfg = Release|Any CPU
		{DE11C249-FEF2-41C4-AE0C-BAA039788DA8}.Release|x86.Build.0 = Release|Any CPU
		{FFC02E18-22CD-4F8D-9DF1-E87FE58C4821}.Debug|Any CPU.ActiveCfg = Debug|Any CPU
		{FFC02E18-22CD-4F8D-9DF1-E87FE58C4821}.Debug|Any CPU.Build.0 = Debug|Any CPU
		{FFC02E18-22CD-4F8D-9DF1-E87FE58C4821}.Debug|x64.ActiveCfg = Debug|Any CPU
		{FFC02E18-22CD-4F8D-9DF1-E87FE58C4821}.Debug|x64.Build.0 = Debug|Any CPU
		{FFC02E18-22CD-4F8D-9DF1-E87FE58C4821}.Debug|x86.ActiveCfg = Debug|Any CPU
		{FFC02E18-22CD-4F8D-9DF1-E87FE58C4821}.Debug|x86.Build.0 = Debug|Any CPU
		{FFC02E18-22CD-4F8D-9DF1-E87FE58C4821}.Release|Any CPU.ActiveCfg = Release|Any CPU
		{FFC02E18-22CD-4F8D-9DF1-E87FE58C4821}.Release|Any CPU.Build.0 = Release|Any CPU
		{FFC02E18-22CD-4F8D-9DF1-E87FE58C4821}.Release|x64.ActiveCfg = Release|Any CPU
		{FFC02E18-22CD-4F8D-9DF1-E87FE58C4821}.Release|x64.Build.0 = Release|Any CPU
		{FFC02E18-22CD-4F8D-9DF1-E87FE58C4821}.Release|x86.ActiveCfg = Release|Any CPU
		{FFC02E18-22CD-4F8D-9DF1-E87FE58C4821}.Release|x86.Build.0 = Release|Any CPU
		{7B4E57E2-739D-40B7-894A-2EA467C6DE18}.Debug|Any CPU.ActiveCfg = Debug|Any CPU
		{7B4E57E2-739D-40B7-894A-2EA467C6DE18}.Debug|Any CPU.Build.0 = Debug|Any CPU
		{7B4E57E2-739D-40B7-894A-2EA467C6DE18}.Debug|x64.ActiveCfg = Debug|Any CPU
		{7B4E57E2-739D-40B7-894A-2EA467C6DE18}.Debug|x64.Build.0 = Debug|Any CPU
		{7B4E57E2-739D-40B7-894A-2EA467C6DE18}.Debug|x86.ActiveCfg = Debug|Any CPU
		{7B4E57E2-739D-40B7-894A-2EA467C6DE18}.Debug|x86.Build.0 = Debug|Any CPU
		{7B4E57E2-739D-40B7-894A-2EA467C6DE18}.Release|Any CPU.ActiveCfg = Release|Any CPU
		{7B4E57E2-739D-40B7-894A-2EA467C6DE18}.Release|Any CPU.Build.0 = Release|Any CPU
		{7B4E57E2-739D-40B7-894A-2EA467C6DE18}.Release|x64.ActiveCfg = Release|Any CPU
		{7B4E57E2-739D-40B7-894A-2EA467C6DE18}.Release|x64.Build.0 = Release|Any CPU
		{7B4E57E2-739D-40B7-894A-2EA467C6DE18}.Release|x86.ActiveCfg = Release|Any CPU
		{7B4E57E2-739D-40B7-894A-2EA467C6DE18}.Release|x86.Build.0 = Release|Any CPU
		{13D15F17-7EC0-48E8-A13E-A0760DB70999}.Debug|Any CPU.ActiveCfg = Debug|Any CPU
		{13D15F17-7EC0-48E8-A13E-A0760DB70999}.Debug|Any CPU.Build.0 = Debug|Any CPU
		{13D15F17-7EC0-48E8-A13E-A0760DB70999}.Debug|x64.ActiveCfg = Debug|Any CPU
		{13D15F17-7EC0-48E8-A13E-A0760DB70999}.Debug|x64.Build.0 = Debug|Any CPU
		{13D15F17-7EC0-48E8-A13E-A0760DB70999}.Debug|x86.ActiveCfg = Debug|Any CPU
		{13D15F17-7EC0-48E8-A13E-A0760DB70999}.Debug|x86.Build.0 = Debug|Any CPU
		{13D15F17-7EC0-48E8-A13E-A0760DB70999}.Release|Any CPU.ActiveCfg = Release|Any CPU
		{13D15F17-7EC0-48E8-A13E-A0760DB70999}.Release|Any CPU.Build.0 = Release|Any CPU
		{13D15F17-7EC0-48E8-A13E-A0760DB70999}.Release|x64.ActiveCfg = Release|Any CPU
		{13D15F17-7EC0-48E8-A13E-A0760DB70999}.Release|x64.Build.0 = Release|Any CPU
		{13D15F17-7EC0-48E8-A13E-A0760DB70999}.Release|x86.ActiveCfg = Release|Any CPU
		{13D15F17-7EC0-48E8-A13E-A0760DB70999}.Release|x86.Build.0 = Release|Any CPU
		{B72FF9C0-FE72-47B2-B4ED-D11575B2D1DF}.Debug|Any CPU.ActiveCfg = Debug|Any CPU
		{B72FF9C0-FE72-47B2-B4ED-D11575B2D1DF}.Debug|Any CPU.Build.0 = Debug|Any CPU
		{B72FF9C0-FE72-47B2-B4ED-D11575B2D1DF}.Debug|x64.ActiveCfg = Debug|Any CPU
		{B72FF9C0-FE72-47B2-B4ED-D11575B2D1DF}.Debug|x64.Build.0 = Debug|Any CPU
		{B72FF9C0-FE72-47B2-B4ED-D11575B2D1DF}.Debug|x86.ActiveCfg = Debug|Any CPU
		{B72FF9C0-FE72-47B2-B4ED-D11575B2D1DF}.Debug|x86.Build.0 = Debug|Any CPU
		{B72FF9C0-FE72-47B2-B4ED-D11575B2D1DF}.Release|Any CPU.ActiveCfg = Release|Any CPU
		{B72FF9C0-FE72-47B2-B4ED-D11575B2D1DF}.Release|Any CPU.Build.0 = Release|Any CPU
		{B72FF9C0-FE72-47B2-B4ED-D11575B2D1DF}.Release|x64.ActiveCfg = Release|Any CPU
		{B72FF9C0-FE72-47B2-B4ED-D11575B2D1DF}.Release|x64.Build.0 = Release|Any CPU
		{B72FF9C0-FE72-47B2-B4ED-D11575B2D1DF}.Release|x86.ActiveCfg = Release|Any CPU
		{B72FF9C0-FE72-47B2-B4ED-D11575B2D1DF}.Release|x86.Build.0 = Release|Any CPU
		{150BF729-EDBE-4557-927C-0EB3844794F6}.Debug|Any CPU.ActiveCfg = Debug|Any CPU
		{150BF729-EDBE-4557-927C-0EB3844794F6}.Debug|Any CPU.Build.0 = Debug|Any CPU
		{150BF729-EDBE-4557-927C-0EB3844794F6}.Debug|x64.ActiveCfg = Debug|Any CPU
		{150BF729-EDBE-4557-927C-0EB3844794F6}.Debug|x64.Build.0 = Debug|Any CPU
		{150BF729-EDBE-4557-927C-0EB3844794F6}.Debug|x86.ActiveCfg = Debug|Any CPU
		{150BF729-EDBE-4557-927C-0EB3844794F6}.Debug|x86.Build.0 = Debug|Any CPU
		{150BF729-EDBE-4557-927C-0EB3844794F6}.Release|Any CPU.ActiveCfg = Release|Any CPU
		{150BF729-EDBE-4557-927C-0EB3844794F6}.Release|Any CPU.Build.0 = Release|Any CPU
		{150BF729-EDBE-4557-927C-0EB3844794F6}.Release|x64.ActiveCfg = Release|Any CPU
		{150BF729-EDBE-4557-927C-0EB3844794F6}.Release|x64.Build.0 = Release|Any CPU
		{150BF729-EDBE-4557-927C-0EB3844794F6}.Release|x86.ActiveCfg = Release|Any CPU
		{150BF729-EDBE-4557-927C-0EB3844794F6}.Release|x86.Build.0 = Release|Any CPU
		{ADB1092A-6BD2-4FAB-BC39-91BB49F0AD2D}.Debug|Any CPU.ActiveCfg = Debug|Any CPU
		{ADB1092A-6BD2-4FAB-BC39-91BB49F0AD2D}.Debug|Any CPU.Build.0 = Debug|Any CPU
		{ADB1092A-6BD2-4FAB-BC39-91BB49F0AD2D}.Debug|x64.ActiveCfg = Debug|Any CPU
		{ADB1092A-6BD2-4FAB-BC39-91BB49F0AD2D}.Debug|x64.Build.0 = Debug|Any CPU
		{ADB1092A-6BD2-4FAB-BC39-91BB49F0AD2D}.Debug|x86.ActiveCfg = Debug|Any CPU
		{ADB1092A-6BD2-4FAB-BC39-91BB49F0AD2D}.Debug|x86.Build.0 = Debug|Any CPU
		{ADB1092A-6BD2-4FAB-BC39-91BB49F0AD2D}.Release|Any CPU.ActiveCfg = Release|Any CPU
		{ADB1092A-6BD2-4FAB-BC39-91BB49F0AD2D}.Release|Any CPU.Build.0 = Release|Any CPU
		{ADB1092A-6BD2-4FAB-BC39-91BB49F0AD2D}.Release|x64.ActiveCfg = Release|Any CPU
		{ADB1092A-6BD2-4FAB-BC39-91BB49F0AD2D}.Release|x64.Build.0 = Release|Any CPU
		{ADB1092A-6BD2-4FAB-BC39-91BB49F0AD2D}.Release|x86.ActiveCfg = Release|Any CPU
		{ADB1092A-6BD2-4FAB-BC39-91BB49F0AD2D}.Release|x86.Build.0 = Release|Any CPU
		{DAFA7EA7-4087-4943-8FBC-ED5156721409}.Debug|Any CPU.ActiveCfg = Debug|Any CPU
		{DAFA7EA7-4087-4943-8FBC-ED5156721409}.Debug|Any CPU.Build.0 = Debug|Any CPU
		{DAFA7EA7-4087-4943-8FBC-ED5156721409}.Debug|x64.ActiveCfg = Debug|Any CPU
		{DAFA7EA7-4087-4943-8FBC-ED5156721409}.Debug|x64.Build.0 = Debug|Any CPU
		{DAFA7EA7-4087-4943-8FBC-ED5156721409}.Debug|x86.ActiveCfg = Debug|Any CPU
		{DAFA7EA7-4087-4943-8FBC-ED5156721409}.Debug|x86.Build.0 = Debug|Any CPU
		{DAFA7EA7-4087-4943-8FBC-ED5156721409}.Release|Any CPU.ActiveCfg = Release|Any CPU
		{DAFA7EA7-4087-4943-8FBC-ED5156721409}.Release|Any CPU.Build.0 = Release|Any CPU
		{DAFA7EA7-4087-4943-8FBC-ED5156721409}.Release|x64.ActiveCfg = Release|Any CPU
		{DAFA7EA7-4087-4943-8FBC-ED5156721409}.Release|x64.Build.0 = Release|Any CPU
		{DAFA7EA7-4087-4943-8FBC-ED5156721409}.Release|x86.ActiveCfg = Release|Any CPU
		{DAFA7EA7-4087-4943-8FBC-ED5156721409}.Release|x86.Build.0 = Release|Any CPU
		{9B4D03BB-9C3F-4D1C-B6AF-F3647EB6106F}.Debug|Any CPU.ActiveCfg = Debug|Any CPU
		{9B4D03BB-9C3F-4D1C-B6AF-F3647EB6106F}.Debug|Any CPU.Build.0 = Debug|Any CPU
		{9B4D03BB-9C3F-4D1C-B6AF-F3647EB6106F}.Debug|x64.ActiveCfg = Debug|Any CPU
		{9B4D03BB-9C3F-4D1C-B6AF-F3647EB6106F}.Debug|x64.Build.0 = Debug|Any CPU
		{9B4D03BB-9C3F-4D1C-B6AF-F3647EB6106F}.Debug|x86.ActiveCfg = Debug|Any CPU
		{9B4D03BB-9C3F-4D1C-B6AF-F3647EB6106F}.Debug|x86.Build.0 = Debug|Any CPU
		{9B4D03BB-9C3F-4D1C-B6AF-F3647EB6106F}.Release|Any CPU.ActiveCfg = Release|Any CPU
		{9B4D03BB-9C3F-4D1C-B6AF-F3647EB6106F}.Release|Any CPU.Build.0 = Release|Any CPU
		{9B4D03BB-9C3F-4D1C-B6AF-F3647EB6106F}.Release|x64.ActiveCfg = Release|Any CPU
		{9B4D03BB-9C3F-4D1C-B6AF-F3647EB6106F}.Release|x64.Build.0 = Release|Any CPU
		{9B4D03BB-9C3F-4D1C-B6AF-F3647EB6106F}.Release|x86.ActiveCfg = Release|Any CPU
		{9B4D03BB-9C3F-4D1C-B6AF-F3647EB6106F}.Release|x86.Build.0 = Release|Any CPU
		{F3EEFD6A-23CD-410A-8BEC-CA2B7E29553D}.Debug|Any CPU.ActiveCfg = Debug|Any CPU
		{F3EEFD6A-23CD-410A-8BEC-CA2B7E29553D}.Debug|Any CPU.Build.0 = Debug|Any CPU
		{F3EEFD6A-23CD-410A-8BEC-CA2B7E29553D}.Debug|x64.ActiveCfg = Debug|Any CPU
		{F3EEFD6A-23CD-410A-8BEC-CA2B7E29553D}.Debug|x64.Build.0 = Debug|Any CPU
		{F3EEFD6A-23CD-410A-8BEC-CA2B7E29553D}.Debug|x86.ActiveCfg = Debug|Any CPU
		{F3EEFD6A-23CD-410A-8BEC-CA2B7E29553D}.Debug|x86.Build.0 = Debug|Any CPU
		{F3EEFD6A-23CD-410A-8BEC-CA2B7E29553D}.Release|Any CPU.ActiveCfg = Release|Any CPU
		{F3EEFD6A-23CD-410A-8BEC-CA2B7E29553D}.Release|Any CPU.Build.0 = Release|Any CPU
		{F3EEFD6A-23CD-410A-8BEC-CA2B7E29553D}.Release|x64.ActiveCfg = Release|Any CPU
		{F3EEFD6A-23CD-410A-8BEC-CA2B7E29553D}.Release|x64.Build.0 = Release|Any CPU
		{F3EEFD6A-23CD-410A-8BEC-CA2B7E29553D}.Release|x86.ActiveCfg = Release|Any CPU
		{F3EEFD6A-23CD-410A-8BEC-CA2B7E29553D}.Release|x86.Build.0 = Release|Any CPU
		{D89C0EB9-8758-4352-85EC-151C0FFB69A7}.Debug|Any CPU.ActiveCfg = Debug|Any CPU
		{D89C0EB9-8758-4352-85EC-151C0FFB69A7}.Debug|Any CPU.Build.0 = Debug|Any CPU
		{D89C0EB9-8758-4352-85EC-151C0FFB69A7}.Debug|x64.ActiveCfg = Debug|Any CPU
		{D89C0EB9-8758-4352-85EC-151C0FFB69A7}.Debug|x64.Build.0 = Debug|Any CPU
		{D89C0EB9-8758-4352-85EC-151C0FFB69A7}.Debug|x86.ActiveCfg = Debug|Any CPU
		{D89C0EB9-8758-4352-85EC-151C0FFB69A7}.Debug|x86.Build.0 = Debug|Any CPU
		{D89C0EB9-8758-4352-85EC-151C0FFB69A7}.Release|Any CPU.ActiveCfg = Release|Any CPU
		{D89C0EB9-8758-4352-85EC-151C0FFB69A7}.Release|Any CPU.Build.0 = Release|Any CPU
		{D89C0EB9-8758-4352-85EC-151C0FFB69A7}.Release|x64.ActiveCfg = Release|Any CPU
		{D89C0EB9-8758-4352-85EC-151C0FFB69A7}.Release|x64.Build.0 = Release|Any CPU
		{D89C0EB9-8758-4352-85EC-151C0FFB69A7}.Release|x86.ActiveCfg = Release|Any CPU
		{D89C0EB9-8758-4352-85EC-151C0FFB69A7}.Release|x86.Build.0 = Release|Any CPU
		{19A4A36B-C946-4BB6-81AE-285E19272E2A}.Debug|Any CPU.ActiveCfg = Debug|Any CPU
		{19A4A36B-C946-4BB6-81AE-285E19272E2A}.Debug|Any CPU.Build.0 = Debug|Any CPU
		{19A4A36B-C946-4BB6-81AE-285E19272E2A}.Debug|x64.ActiveCfg = Debug|Any CPU
		{19A4A36B-C946-4BB6-81AE-285E19272E2A}.Debug|x64.Build.0 = Debug|Any CPU
		{19A4A36B-C946-4BB6-81AE-285E19272E2A}.Debug|x86.ActiveCfg = Debug|Any CPU
		{19A4A36B-C946-4BB6-81AE-285E19272E2A}.Debug|x86.Build.0 = Debug|Any CPU
		{19A4A36B-C946-4BB6-81AE-285E19272E2A}.Release|Any CPU.ActiveCfg = Release|Any CPU
		{19A4A36B-C946-4BB6-81AE-285E19272E2A}.Release|Any CPU.Build.0 = Release|Any CPU
		{19A4A36B-C946-4BB6-81AE-285E19272E2A}.Release|x64.ActiveCfg = Release|Any CPU
		{19A4A36B-C946-4BB6-81AE-285E19272E2A}.Release|x64.Build.0 = Release|Any CPU
		{19A4A36B-C946-4BB6-81AE-285E19272E2A}.Release|x86.ActiveCfg = Release|Any CPU
		{19A4A36B-C946-4BB6-81AE-285E19272E2A}.Release|x86.Build.0 = Release|Any CPU
		{A50E044D-3E14-40C0-95F7-54FCBD6BD0D3}.Debug|Any CPU.ActiveCfg = Debug|Any CPU
		{A50E044D-3E14-40C0-95F7-54FCBD6BD0D3}.Debug|Any CPU.Build.0 = Debug|Any CPU
		{A50E044D-3E14-40C0-95F7-54FCBD6BD0D3}.Debug|x64.ActiveCfg = Debug|Any CPU
		{A50E044D-3E14-40C0-95F7-54FCBD6BD0D3}.Debug|x64.Build.0 = Debug|Any CPU
		{A50E044D-3E14-40C0-95F7-54FCBD6BD0D3}.Debug|x86.ActiveCfg = Debug|Any CPU
		{A50E044D-3E14-40C0-95F7-54FCBD6BD0D3}.Debug|x86.Build.0 = Debug|Any CPU
		{A50E044D-3E14-40C0-95F7-54FCBD6BD0D3}.Release|Any CPU.ActiveCfg = Release|Any CPU
		{A50E044D-3E14-40C0-95F7-54FCBD6BD0D3}.Release|Any CPU.Build.0 = Release|Any CPU
		{A50E044D-3E14-40C0-95F7-54FCBD6BD0D3}.Release|x64.ActiveCfg = Release|Any CPU
		{A50E044D-3E14-40C0-95F7-54FCBD6BD0D3}.Release|x64.Build.0 = Release|Any CPU
		{A50E044D-3E14-40C0-95F7-54FCBD6BD0D3}.Release|x86.ActiveCfg = Release|Any CPU
		{A50E044D-3E14-40C0-95F7-54FCBD6BD0D3}.Release|x86.Build.0 = Release|Any CPU
		{AD7A5CFB-DE65-45DD-9A45-ADE4E2C4AC79}.Debug|Any CPU.ActiveCfg = Debug|Any CPU
		{AD7A5CFB-DE65-45DD-9A45-ADE4E2C4AC79}.Debug|Any CPU.Build.0 = Debug|Any CPU
		{AD7A5CFB-DE65-45DD-9A45-ADE4E2C4AC79}.Debug|x64.ActiveCfg = Debug|Any CPU
		{AD7A5CFB-DE65-45DD-9A45-ADE4E2C4AC79}.Debug|x64.Build.0 = Debug|Any CPU
		{AD7A5CFB-DE65-45DD-9A45-ADE4E2C4AC79}.Debug|x86.ActiveCfg = Debug|Any CPU
		{AD7A5CFB-DE65-45DD-9A45-ADE4E2C4AC79}.Debug|x86.Build.0 = Debug|Any CPU
		{AD7A5CFB-DE65-45DD-9A45-ADE4E2C4AC79}.Release|Any CPU.ActiveCfg = Release|Any CPU
		{AD7A5CFB-DE65-45DD-9A45-ADE4E2C4AC79}.Release|Any CPU.Build.0 = Release|Any CPU
		{AD7A5CFB-DE65-45DD-9A45-ADE4E2C4AC79}.Release|x64.ActiveCfg = Release|Any CPU
		{AD7A5CFB-DE65-45DD-9A45-ADE4E2C4AC79}.Release|x64.Build.0 = Release|Any CPU
		{AD7A5CFB-DE65-45DD-9A45-ADE4E2C4AC79}.Release|x86.ActiveCfg = Release|Any CPU
		{AD7A5CFB-DE65-45DD-9A45-ADE4E2C4AC79}.Release|x86.Build.0 = Release|Any CPU
	EndGlobalSection
	GlobalSection(SolutionProperties) = preSolution
		HideSolutionNode = FALSE
	EndGlobalSection
	GlobalSection(NestedProjects) = preSolution
		{87C2783D-AC80-4684-875C-F06237E9CC3F} = {59912BF0-0AF4-41FA-B82B-B9FAD59296CD}
		{9B35CB06-05BD-468C-9D9B-41876B793EF5} = {59912BF0-0AF4-41FA-B82B-B9FAD59296CD}
		{FF8EDE08-8236-49A0-A82E-3B6208B81431} = {59912BF0-0AF4-41FA-B82B-B9FAD59296CD}
		{6270531D-FCD0-44B8-95BA-4C4CED998179} = {B440F290-1E0F-45F1-ADB7-415AEA8B04CA}
		{5EE39029-873A-45A0-9259-2198BF8729F4} = {59912BF0-0AF4-41FA-B82B-B9FAD59296CD}
		{1D7842B4-12C0-4E11-A6A9-77CEB55F156C} = {59912BF0-0AF4-41FA-B82B-B9FAD59296CD}
		{C3255560-6437-4EFF-8948-971A76C6E9AB} = {59912BF0-0AF4-41FA-B82B-B9FAD59296CD}
		{576CBA59-F35E-4F45-905C-26927E2E441A} = {59912BF0-0AF4-41FA-B82B-B9FAD59296CD}
		{663A7D25-5255-4B85-B94D-53C431426339} = {59912BF0-0AF4-41FA-B82B-B9FAD59296CD}
		{7B4E57E2-739D-40B7-894A-2EA467C6DE18} = {59912BF0-0AF4-41FA-B82B-B9FAD59296CD}
		{13D15F17-7EC0-48E8-A13E-A0760DB70999} = {59912BF0-0AF4-41FA-B82B-B9FAD59296CD}
		{B72FF9C0-FE72-47B2-B4ED-D11575B2D1DF} = {59912BF0-0AF4-41FA-B82B-B9FAD59296CD}
		{150BF729-EDBE-4557-927C-0EB3844794F6} = {59912BF0-0AF4-41FA-B82B-B9FAD59296CD}
		{ADB1092A-6BD2-4FAB-BC39-91BB49F0AD2D} = {59912BF0-0AF4-41FA-B82B-B9FAD59296CD}
		{9B4D03BB-9C3F-4D1C-B6AF-F3647EB6106F} = {B440F290-1E0F-45F1-ADB7-415AEA8B04CA}
		{B440F290-1E0F-45F1-ADB7-415AEA8B04CA} = {737F4D86-2E7A-48E5-89B9-7DEB6EFC2443}
		{59912BF0-0AF4-41FA-B82B-B9FAD59296CD} = {737F4D86-2E7A-48E5-89B9-7DEB6EFC2443}
		{AD7A5CFB-DE65-45DD-9A45-ADE4E2C4AC79} = {B440F290-1E0F-45F1-ADB7-415AEA8B04CA}
	EndGlobalSection
	GlobalSection(ExtensibilityGlobals) = postSolution
		SolutionGuid = {B6266959-173B-4E69-92E6-CEF36DE419C8}
	EndGlobalSection
	GlobalSection(Performance) = preSolution
		HasPerformanceSessions = true
	EndGlobalSection
	GlobalSection(Performance) = preSolution
		HasPerformanceSessions = true
	EndGlobalSection
	GlobalSection(MonoDevelopProperties) = preSolution
		Policies = $0
		$0.TextStylePolicy = $1
		version = 0.24
		StartupItem = SharpFlame.Gui.Linux\SharpFlame.Gui.Linux.csproj
	EndGlobalSection
EndGlobal
